
Microsoft Visual Studio Solution File, Format Version 12.00
# Visual Studio Version 16
VisualStudioVersion = 16.0.29613.14
MinimumVisualStudioVersion = 10.0.40219.1
Project("{FAE04EC0-301F-11D3-BF4B-00C04F79EFBC}") = "Bank", "Bank\Bank.csproj", "{DE6764C6-5AC6-41AC-A223-99BAB4906C6B}"
EndProject
Global
	GlobalSection(SolutionConfigurationPlatforms) = preSolution
		Debug|Any CPU = Debug|Any CPU
		Release|Any CPU = Release|Any CPU
	EndGlobalSection
	GlobalSection(ProjectConfigurationPlatforms) = postSolution
		{DE6764C6-5AC6-41AC-A223-99BAB4906C6B}.Debug|Any CPU.ActiveCfg = Debug|Any CPU
		{DE6764C6-5AC6-41AC-A223-99BAB4906C6B}.Debug|Any CPU.Build.0 = Debug|Any CPU
		{DE6764C6-5AC6-41AC-A223-99BAB4906C6B}.Release|Any CPU.ActiveCfg = Release|Any CPU
		{DE6764C6-5AC6-41AC-A223-99BAB4906C6B}.Release|Any CPU.Build.0 = Release|Any CPU
	EndGlobalSection
	GlobalSection(SolutionProperties) = preSolution
		HideSolutionNode = FALSE
	EndGlobalSection
	GlobalSection(ExtensibilityGlobals) = postSolution
		SolutionGuid = {3C8065AB-D7BB-47E8-B91D-C99A20D57DDC}
	EndGlobalSection
EndGlobal
